// !$*UTF8*$!
{
	archiveVersion = 1;
	classes = {
	};
	objectVersion = 56;
	objects = {

/* Begin PBXBuildFile section */
		DF1EC6DB2A3531CE00F2D3FB /* ScanView.swift in Sources */ = {isa = PBXBuildFile; fileRef = DF1EC6DA2A3531CE00F2D3FB /* ScanView.swift */; };
		DF5C12CB2A325A8F009E1122 /* WiFiScanApp.swift in Sources */ = {isa = PBXBuildFile; fileRef = DF5C12CA2A325A8F009E1122 /* WiFiScanApp.swift */; };
		DF5C12CD2A325A8F009E1122 /* ContentView.swift in Sources */ = {isa = PBXBuildFile; fileRef = DF5C12CC2A325A8F009E1122 /* ContentView.swift */; };
		DF5C12CF2A325A90009E1122 /* Assets.xcassets in Resources */ = {isa = PBXBuildFile; fileRef = DF5C12CE2A325A90009E1122 /* Assets.xcassets */; };
		DF5C12D22A325A90009E1122 /* Preview Assets.xcassets in Resources */ = {isa = PBXBuildFile; fileRef = DF5C12D12A325A90009E1122 /* Preview Assets.xcassets */; };
		DF5C12DC2A325B0F009E1122 /* WiFiClient.swift in Sources */ = {isa = PBXBuildFile; fileRef = DF5C12DB2A325B0F009E1122 /* WiFiClient.swift */; };
		DFBF26972A34FB2400E22DC4 /* ConnectionView.swift in Sources */ = {isa = PBXBuildFile; fileRef = DFBF26962A34FB2400E22DC4 /* ConnectionView.swift */; };
		DFC6BF942A33D5DE00749B13 /* NetworkView.swift in Sources */ = {isa = PBXBuildFile; fileRef = DFC6BF932A33D5DE00749B13 /* NetworkView.swift */; };
/* End PBXBuildFile section */

/* Begin PBXFileReference section */
		DF1EC6DA2A3531CE00F2D3FB /* ScanView.swift */ = {isa = PBXFileReference; lastKnownFileType = sourcecode.swift; path = ScanView.swift; sourceTree = "<group>"; };
		DF5C12C72A325A8F009E1122 /* Wi-Fi API Test.app */ = {isa = PBXFileReference; explicitFileType = wrapper.application; includeInIndex = 0; path = "Wi-Fi API Test.app"; sourceTree = BUILT_PRODUCTS_DIR; };
		DF5C12CA2A325A8F009E1122 /* WiFiScanApp.swift */ = {isa = PBXFileReference; lastKnownFileType = sourcecode.swift; path = WiFiScanApp.swift; sourceTree = "<group>"; };
		DF5C12CC2A325A8F009E1122 /* ContentView.swift */ = {isa = PBXFileReference; lastKnownFileType = sourcecode.swift; path = ContentView.swift; sourceTree = "<group>"; };
		DF5C12CE2A325A90009E1122 /* Assets.xcassets */ = {isa = PBXFileReference; lastKnownFileType = folder.assetcatalog; path = Assets.xcassets; sourceTree = "<group>"; };
		DF5C12D12A325A90009E1122 /* Preview Assets.xcassets */ = {isa = PBXFileReference; lastKnownFileType = folder.assetcatalog; path = "Preview Assets.xcassets"; sourceTree = "<group>"; };
		DF5C12DB2A325B0F009E1122 /* WiFiClient.swift */ = {isa = PBXFileReference; lastKnownFileType = sourcecode.swift; path = WiFiClient.swift; sourceTree = "<group>"; };
		DFBF26962A34FB2400E22DC4 /* ConnectionView.swift */ = {isa = PBXFileReference; lastKnownFileType = sourcecode.swift; path = ConnectionView.swift; sourceTree = "<group>"; };
		DFC6BF932A33D5DE00749B13 /* NetworkView.swift */ = {isa = PBXFileReference; lastKnownFileType = sourcecode.swift; path = NetworkView.swift; sourceTree = "<group>"; };
		DFE427102A32E16600217BE8 /* WiFiScan.entitlements */ = {isa = PBXFileReference; fileEncoding = 4; lastKnownFileType = text.plist.entitlements; path = WiFiScan.entitlements; sourceTree = "<group>"; };
/* End PBXFileReference section */

/* Begin PBXFrameworksBuildPhase section */
		DF5C12C42A325A8F009E1122 /* Frameworks */ = {
			isa = PBXFrameworksBuildPhase;
			buildActionMask = 2147483647;
			files = (
			);
			runOnlyForDeploymentPostprocessing = 0;
		};
/* End PBXFrameworksBuildPhase section */

/* Begin PBXGroup section */
		DF5C12BE2A325A8F009E1122 = {
			isa = PBXGroup;
			children = (
				DF5C12C92A325A8F009E1122 /* WiFiScan */,
				DF5C12C82A325A8F009E1122 /* Products */,
			);
			sourceTree = "<group>";
		};
		DF5C12C82A325A8F009E1122 /* Products */ = {
			isa = PBXGroup;
			children = (
				DF5C12C72A325A8F009E1122 /* Wi-Fi API Test.app */,
			);
			name = Products;
			sourceTree = "<group>";
		};
		DF5C12C92A325A8F009E1122 /* WiFiScan */ = {
			isa = PBXGroup;
			children = (
				DFE427102A32E16600217BE8 /* WiFiScan.entitlements */,
				DF5C12D92A325A9A009E1122 /* Models */,
				DF5C12DA2A325AA1009E1122 /* Views */,
				DF5C12CA2A325A8F009E1122 /* WiFiScanApp.swift */,
				DF5C12CE2A325A90009E1122 /* Assets.xcassets */,
				DF5C12D02A325A90009E1122 /* Preview Content */,
			);
			path = WiFiScan;
			sourceTree = "<group>";
		};
		DF5C12D02A325A90009E1122 /* Preview Content */ = {
			isa = PBXGroup;
			children = (
				DF5C12D12A325A90009E1122 /* Preview Assets.xcassets */,
			);
			path = "Preview Content";
			sourceTree = "<group>";
		};
		DF5C12D92A325A9A009E1122 /* Models */ = {
			isa = PBXGroup;
			children = (
				DF5C12DB2A325B0F009E1122 /* WiFiClient.swift */,
			);
			path = Models;
			sourceTree = "<group>";
		};
		DF5C12DA2A325AA1009E1122 /* Views */ = {
			isa = PBXGroup;
			children = (
				DF5C12CC2A325A8F009E1122 /* ContentView.swift */,
				DFBF26962A34FB2400E22DC4 /* ConnectionView.swift */,
				DF1EC6DA2A3531CE00F2D3FB /* ScanView.swift */,
				DFC6BF932A33D5DE00749B13 /* NetworkView.swift */,
			);
			path = Views;
			sourceTree = "<group>";
		};
/* End PBXGroup section */

/* Begin PBXNativeTarget section */
		DF5C12C62A325A8F009E1122 /* Wi-Fi API Test */ = {
			isa = PBXNativeTarget;
			buildConfigurationList = DF5C12D62A325A90009E1122 /* Build configuration list for PBXNativeTarget "Wi-Fi API Test" */;
			buildPhases = (
				DF5C12C32A325A8F009E1122 /* Sources */,
				DF5C12C42A325A8F009E1122 /* Frameworks */,
				DF5C12C52A325A8F009E1122 /* Resources */,
			);
			buildRules = (
			);
			dependencies = (
			);
			name = "Wi-Fi API Test";
			productName = WiFiScan;
			productReference = DF5C12C72A325A8F009E1122 /* Wi-Fi API Test.app */;
			productType = "com.apple.product-type.application";
		};
/* End PBXNativeTarget section */

/* Begin PBXProject section */
		DF5C12BF2A325A8F009E1122 /* Project object */ = {
			isa = PBXProject;
			attributes = {
				BuildIndependentTargetsInParallel = 1;
				LastSwiftUpdateCheck = 1430;
				LastUpgradeCheck = 1430;
				TargetAttributes = {
					DF5C12C62A325A8F009E1122 = {
						CreatedOnToolsVersion = 14.3.1;
					};
				};
			};
			buildConfigurationList = DF5C12C22A325A8F009E1122 /* Build configuration list for PBXProject "WiFiScan" */;
			compatibilityVersion = "Xcode 14.0";
			developmentRegion = en;
			hasScannedForEncodings = 0;
			knownRegions = (
				en,
				Base,
			);
			mainGroup = DF5C12BE2A325A8F009E1122;
			productRefGroup = DF5C12C82A325A8F009E1122 /* Products */;
			projectDirPath = "";
			projectRoot = "";
			targets = (
				DF5C12C62A325A8F009E1122 /* Wi-Fi API Test */,
			);
		};
/* End PBXProject section */

/* Begin PBXResourcesBuildPhase section */
		DF5C12C52A325A8F009E1122 /* Resources */ = {
			isa = PBXResourcesBuildPhase;
			buildActionMask = 2147483647;
			files = (
				DF5C12D22A325A90009E1122 /* Preview Assets.xcassets in Resources */,
				DF5C12CF2A325A90009E1122 /* Assets.xcassets in Resources */,
			);
			runOnlyForDeploymentPostprocessing = 0;
		};
/* End PBXResourcesBuildPhase section */

/* Begin PBXSourcesBuildPhase section */
		DF5C12C32A325A8F009E1122 /* Sources */ = {
			isa = PBXSourcesBuildPhase;
			buildActionMask = 2147483647;
			files = (
				DF5C12CD2A325A8F009E1122 /* ContentView.swift in Sources */,
				DFBF26972A34FB2400E22DC4 /* ConnectionView.swift in Sources */,
				DFC6BF942A33D5DE00749B13 /* NetworkView.swift in Sources */,
				DF5C12DC2A325B0F009E1122 /* WiFiClient.swift in Sources */,
				DF5C12CB2A325A8F009E1122 /* WiFiScanApp.swift in Sources */,
				DF1EC6DB2A3531CE00F2D3FB /* ScanView.swift in Sources */,
			);
			runOnlyForDeploymentPostprocessing = 0;
		};
/* End PBXSourcesBuildPhase section */

/* Begin XCBuildConfiguration section */
		DF5C12D42A325A90009E1122 /* Debug */ = {
			isa = XCBuildConfiguration;
			buildSettings = {
				ALWAYS_SEARCH_USER_PATHS = NO;
				CLANG_ANALYZER_NONNULL = YES;
				CLANG_ANALYZER_NUMBER_OBJECT_CONVERSION = YES_AGGRESSIVE;
				CLANG_CXX_LANGUAGE_STANDARD = "gnu++20";
				CLANG_ENABLE_MODULES = YES;
				CLANG_ENABLE_OBJC_ARC = YES;
				CLANG_ENABLE_OBJC_WEAK = YES;
				CLANG_WARN_BLOCK_CAPTURE_AUTORELEASING = YES;
				CLANG_WARN_BOOL_CONVERSION = YES;
				CLANG_WARN_COMMA = YES;
				CLANG_WARN_CONSTANT_CONVERSION = YES;
				CLANG_WARN_DEPRECATED_OBJC_IMPLEMENTATIONS = YES;
				CLANG_WARN_DIRECT_OBJC_ISA_USAGE = YES_ERROR;
				CLANG_WARN_DOCUMENTATION_COMMENTS = YES;
				CLANG_WARN_EMPTY_BODY = YES;
				CLANG_WARN_ENUM_CONVERSION = YES;
				CLANG_WARN_INFINITE_RECURSION = YES;
				CLANG_WARN_INT_CONVERSION = YES;
				CLANG_WARN_NON_LITERAL_NULL_CONVERSION = YES;
				CLANG_WARN_OBJC_IMPLICIT_RETAIN_SELF = YES;
				CLANG_WARN_OBJC_LITERAL_CONVERSION = YES;
				CLANG_WARN_OBJC_ROOT_CLASS = YES_ERROR;
				CLANG_WARN_QUOTED_INCLUDE_IN_FRAMEWORK_HEADER = YES;
				CLANG_WARN_RANGE_LOOP_ANALYSIS = YES;
				CLANG_WARN_STRICT_PROTOTYPES = YES;
				CLANG_WARN_SUSPICIOUS_MOVE = YES;
				CLANG_WARN_UNGUARDED_AVAILABILITY = YES_AGGRESSIVE;
				CLANG_WARN_UNREACHABLE_CODE = YES;
				CLANG_WARN__DUPLICATE_METHOD_MATCH = YES;
				COPY_PHASE_STRIP = NO;
				DEBUG_INFORMATION_FORMAT = dwarf;
				ENABLE_STRICT_OBJC_MSGSEND = YES;
				ENABLE_TESTABILITY = YES;
				GCC_C_LANGUAGE_STANDARD = gnu11;
				GCC_DYNAMIC_NO_PIC = NO;
				GCC_NO_COMMON_BLOCKS = YES;
				GCC_OPTIMIZATION_LEVEL = 0;
				GCC_PREPROCESSOR_DEFINITIONS = (
					"DEBUG=1",
					"$(inherited)",
				);
				GCC_WARN_64_TO_32_BIT_CONVERSION = YES;
				GCC_WARN_ABOUT_RETURN_TYPE = YES_ERROR;
				GCC_WARN_UNDECLARED_SELECTOR = YES;
				GCC_WARN_UNINITIALIZED_AUTOS = YES_AGGRESSIVE;
				GCC_WARN_UNUSED_FUNCTION = YES;
				GCC_WARN_UNUSED_VARIABLE = YES;
				MACOSX_DEPLOYMENT_TARGET = 13.3;
				MTL_ENABLE_DEBUG_INFO = INCLUDE_SOURCE;
				MTL_FAST_MATH = YES;
				ONLY_ACTIVE_ARCH = YES;
				SDKROOT = macosx;
				SWIFT_ACTIVE_COMPILATION_CONDITIONS = DEBUG;
				SWIFT_OPTIMIZATION_LEVEL = "-Onone";
			};
			name = Debug;
		};
		DF5C12D52A325A90009E1122 /* Release */ = {
			isa = XCBuildConfiguration;
			buildSettings = {
				ALWAYS_SEARCH_USER_PATHS = NO;
				CLANG_ANALYZER_NONNULL = YES;
				CLANG_ANALYZER_NUMBER_OBJECT_CONVERSION = YES_AGGRESSIVE;
				CLANG_CXX_LANGUAGE_STANDARD = "gnu++20";
				CLANG_ENABLE_MODULES = YES;
				CLANG_ENABLE_OBJC_ARC = YES;
				CLANG_ENABLE_OBJC_WEAK = YES;
				CLANG_WARN_BLOCK_CAPTURE_AUTORELEASING = YES;
				CLANG_WARN_BOOL_CONVERSION = YES;
				CLANG_WARN_COMMA = YES;
				CLANG_WARN_CONSTANT_CONVERSION = YES;
				CLANG_WARN_DEPRECATED_OBJC_IMPLEMENTATIONS = YES;
				CLANG_WARN_DIRECT_OBJC_ISA_USAGE = YES_ERROR;
				CLANG_WARN_DOCUMENTATION_COMMENTS = YES;
				CLANG_WARN_EMPTY_BODY = YES;
				CLANG_WARN_ENUM_CONVERSION = YES;
				CLANG_WARN_INFINITE_RECURSION = YES;
				CLANG_WARN_INT_CONVERSION = YES;
				CLANG_WARN_NON_LITERAL_NULL_CONVERSION = YES;
				CLANG_WARN_OBJC_IMPLICIT_RETAIN_SELF = YES;
				CLANG_WARN_OBJC_LITERAL_CONVERSION = YES;
				CLANG_WARN_OBJC_ROOT_CLASS = YES_ERROR;
				CLANG_WARN_QUOTED_INCLUDE_IN_FRAMEWORK_HEADER = YES;
				CLANG_WARN_RANGE_LOOP_ANALYSIS = YES;
				CLANG_WARN_STRICT_PROTOTYPES = YES;
				CLANG_WARN_SUSPICIOUS_MOVE = YES;
				CLANG_WARN_UNGUARDED_AVAILABILITY = YES_AGGRESSIVE;
				CLANG_WARN_UNREACHABLE_CODE = YES;
				CLANG_WARN__DUPLICATE_METHOD_MATCH = YES;
				COPY_PHASE_STRIP = NO;
				DEBUG_INFORMATION_FORMAT = "dwarf-with-dsym";
				ENABLE_NS_ASSERTIONS = NO;
				ENABLE_STRICT_OBJC_MSGSEND = YES;
				GCC_C_LANGUAGE_STANDARD = gnu11;
				GCC_NO_COMMON_BLOCKS = YES;
				GCC_WARN_64_TO_32_BIT_CONVERSION = YES;
				GCC_WARN_ABOUT_RETURN_TYPE = YES_ERROR;
				GCC_WARN_UNDECLARED_SELECTOR = YES;
				GCC_WARN_UNINITIALIZED_AUTOS = YES_AGGRESSIVE;
				GCC_WARN_UNUSED_FUNCTION = YES;
				GCC_WARN_UNUSED_VARIABLE = YES;
				MACOSX_DEPLOYMENT_TARGET = 13.3;
				MTL_ENABLE_DEBUG_INFO = NO;
				MTL_FAST_MATH = YES;
				SDKROOT = macosx;
				SWIFT_COMPILATION_MODE = wholemodule;
				SWIFT_OPTIMIZATION_LEVEL = "-O";
			};
			name = Release;
		};
		DF5C12D72A325A90009E1122 /* Debug */ = {
			isa = XCBuildConfiguration;
			buildSettings = {
				ASSETCATALOG_COMPILER_APPICON_NAME = AppIcon;
				ASSETCATALOG_COMPILER_GLOBAL_ACCENT_COLOR_NAME = AccentColor;
				CODE_SIGN_ENTITLEMENTS = WiFiScan/WiFiScan.entitlements;
				"CODE_SIGN_IDENTITY[sdk=macosx*]" = "Apple Development";
				CODE_SIGN_STYLE = Automatic;
				COMBINE_HIDPI_IMAGES = YES;
				CURRENT_PROJECT_VERSION = 1;
				DEVELOPMENT_ASSET_PATHS = "\"WiFiScan/Preview Content\"";
				DEVELOPMENT_TEAM = QJQVABWSZ7;
				ENABLE_HARDENED_RUNTIME = NO;
				ENABLE_PREVIEWS = YES;
				GENERATE_INFOPLIST_FILE = YES;
				INFOPLIST_KEY_LSApplicationCategoryType = "public.app-category.utilities";
				INFOPLIST_KEY_NSHumanReadableCopyright = "";
				INFOPLIST_KEY_NSLocationAlwaysAndWhenInUseUsageDescription = "Location access is needed for BSSID, Country Code, and stable access to IEs in scan results.";
				LD_RUNPATH_SEARCH_PATHS = (
					"$(inherited)",
					"@executable_path/../Frameworks",
				);
				MARKETING_VERSION = 1.0;
				PRODUCT_BUNDLE_IDENTIFIER = com.ptorab.wifiscan;
				PRODUCT_NAME = "$(TARGET_NAME)";
				SWIFT_EMIT_LOC_STRINGS = YES;
				SWIFT_VERSION = 5.0;
			};
			name = Debug;
		};
		DF5C12D82A325A90009E1122 /* Release */ = {
			isa = XCBuildConfiguration;
			buildSettings = {
				ASSETCATALOG_COMPILER_APPICON_NAME = AppIcon;
				ASSETCATALOG_COMPILER_GLOBAL_ACCENT_COLOR_NAME = AccentColor;
				CODE_SIGN_ENTITLEMENTS = WiFiScan/WiFiScanRelease.entitlements;
				"CODE_SIGN_IDENTITY[sdk=macosx*]" = "Apple Development";
				CODE_SIGN_STYLE = Automatic;
				COMBINE_HIDPI_IMAGES = YES;
				CURRENT_PROJECT_VERSION = 1;
				DEVELOPMENT_ASSET_PATHS = "\"WiFiScan/Preview Content\"";
				DEVELOPMENT_TEAM = QJQVABWSZ7;
				ENABLE_HARDENED_RUNTIME = NO;
				ENABLE_PREVIEWS = YES;
				GENERATE_INFOPLIST_FILE = YES;
				INFOPLIST_KEY_LSApplicationCategoryType = "public.app-category.utilities";
				INFOPLIST_KEY_NSHumanReadableCopyright = "";
				INFOPLIST_KEY_NSLocationAlwaysAndWhenInUseUsageDescription = "Location access is needed for BSSID, Country Code, and stable access to IEs in scan results.";
				LD_RUNPATH_SEARCH_PATHS = (
					"$(inherited)",
					"@executable_path/../Frameworks",
				);
				MARKETING_VERSION = 1.0;
				PRODUCT_BUNDLE_IDENTIFIER = com.ptorab.wifiscan;
				PRODUCT_NAME = "$(TARGET_NAME)";
				SWIFT_EMIT_LOC_STRINGS = YES;
				SWIFT_VERSION = 5.0;
			};
			name = Release;
		};
/* End XCBuildConfiguration section */

/* Begin XCConfigurationList section */
		DF5C12C22A325A8F009E1122 /* Build configuration list for PBXProject "WiFiScan" */ = {
			isa = XCConfigurationList;
			buildConfigurations = (
				DF5C12D42A325A90009E1122 /* Debug */,
				DF5C12D52A325A90009E1122 /* Release */,
			);
			defaultConfigurationIsVisible = 0;
			defaultConfigurationName = Release;
		};
		DF5C12D62A325A90009E1122 /* Build configuration list for PBXNativeTarget "Wi-Fi API Test" */ = {
			isa = XCConfigurationList;
			buildConfigurations = (
				DF5C12D72A325A90009E1122 /* Debug */,
				DF5C12D82A325A90009E1122 /* Release */,
			);
			defaultConfigurationIsVisible = 0;
			defaultConfigurationName = Release;
		};
/* End XCConfigurationList section */
	};
	rootObject = DF5C12BF2A325A8F009E1122 /* Project object */;
}
